
Microsoft Visual Studio Solution File, Format Version 12.00
# Visual Studio 15
VisualStudioVersion = 15.0.28307.271
MinimumVisualStudioVersion = 10.0.40219.1
Project("{FAE04EC0-301F-11D3-BF4B-00C04F79EFBC}") = "AccountWeb", "AccountWeb\AccountWeb.csproj", "{1345DC6F-EA27-479B-A7E7-DD22A713264E}"
EndProject
Global
	GlobalSection(SolutionConfigurationPlatforms) = preSolution
		Debug|Any CPU = Debug|Any CPU
		Release|Any CPU = Release|Any CPU
	EndGlobalSection
	GlobalSection(ProjectConfigurationPlatforms) = postSolution
		{1345DC6F-EA27-479B-A7E7-DD22A713264E}.Debug|Any CPU.ActiveCfg = Debug|Any CPU
		{1345DC6F-EA27-479B-A7E7-DD22A713264E}.Debug|Any CPU.Build.0 = Debug|Any CPU
		{1345DC6F-EA27-479B-A7E7-DD22A713264E}.Release|Any CPU.ActiveCfg = Release|Any CPU
		{1345DC6F-EA27-479B-A7E7-DD22A713264E}.Release|Any CPU.Build.0 = Release|Any CPU
	EndGlobalSection
	GlobalSection(SolutionProperties) = preSolution
		HideSolutionNode = FALSE
	EndGlobalSection
	GlobalSection(ExtensibilityGlobals) = postSolution
		SolutionGuid = {3D520505-AA8B-4DB0-ADE5-1FFE3CC0B407}
	EndGlobalSection
EndGlobal
